
Microsoft Visual Studio Solution File, Format Version 12.00
# Visual Studio Version 17
VisualStudioVersion = 17.0.31912.275
MinimumVisualStudioVersion = 10.0.40219.1
Project("{9A19103F-16F7-4668-BE54-9A1E7A4F7556}") = "CalculadoraSimples", "CalculadoraSimples\CalculadoraSimples.csproj", "{C9BA167D-EDA6-42B5-B034-687A793E97D6}"
EndProject
Project("{FAE04EC0-301F-11D3-BF4B-00C04F79EFBC}") = "CalculadoraWebApp", "CalculadoraWebApp\CalculadoraWebApp.csproj", "{EAE9F7F2-524B-4BFF-B149-7AEB8DA4310B}"
EndProject
Project("{FAE04EC0-301F-11D3-BF4B-00C04F79EFBC}") = "CalculadoraAvancWebApp", "CalculadoraAvancWebApp\CalculadoraAvancWebApp.csproj", "{24DC1E3F-7EAD-48C1-9021-2A734AF7EC70}"
EndProject
Global
	GlobalSection(SolutionConfigurationPlatforms) = preSolution
		Debug|Any CPU = Debug|Any CPU
		Release|Any CPU = Release|Any CPU
	EndGlobalSection
	GlobalSection(ProjectConfigurationPlatforms) = postSolution
		{C9BA167D-EDA6-42B5-B034-687A793E97D6}.Debug|Any CPU.ActiveCfg = Debug|Any CPU
		{C9BA167D-EDA6-42B5-B034-687A793E97D6}.Debug|Any CPU.Build.0 = Debug|Any CPU
		{C9BA167D-EDA6-42B5-B034-687A793E97D6}.Release|Any CPU.ActiveCfg = Release|Any CPU
		{C9BA167D-EDA6-42B5-B034-687A793E97D6}.Release|Any CPU.Build.0 = Release|Any CPU
		{EAE9F7F2-524B-4BFF-B149-7AEB8DA4310B}.Debug|Any CPU.ActiveCfg = Debug|Any CPU
		{EAE9F7F2-524B-4BFF-B149-7AEB8DA4310B}.Debug|Any CPU.Build.0 = Debug|Any CPU
		{EAE9F7F2-524B-4BFF-B149-7AEB8DA4310B}.Release|Any CPU.ActiveCfg = Release|Any CPU
		{EAE9F7F2-524B-4BFF-B149-7AEB8DA4310B}.Release|Any CPU.Build.0 = Release|Any CPU
		{24DC1E3F-7EAD-48C1-9021-2A734AF7EC70}.Debug|Any CPU.ActiveCfg = Debug|Any CPU
		{24DC1E3F-7EAD-48C1-9021-2A734AF7EC70}.Debug|Any CPU.Build.0 = Debug|Any CPU
		{24DC1E3F-7EAD-48C1-9021-2A734AF7EC70}.Release|Any CPU.ActiveCfg = Release|Any CPU
		{24DC1E3F-7EAD-48C1-9021-2A734AF7EC70}.Release|Any CPU.Build.0 = Release|Any CPU
	EndGlobalSection
	GlobalSection(SolutionProperties) = preSolution
		HideSolutionNode = FALSE
	EndGlobalSection
	GlobalSection(ExtensibilityGlobals) = postSolution
		SolutionGuid = {C27FDFBF-F687-4C60-93D4-2D00F824453D}
	EndGlobalSection
EndGlobal
