
Microsoft Visual Studio Solution File, Format Version 12.00
# Visual Studio Version 17
VisualStudioVersion = 17.0.31912.275
MinimumVisualStudioVersion = 10.0.40219.1
Project("{FAE04EC0-301F-11D3-BF4B-00C04F79EFBC}") = "TintasTrinchasWebApp", "TintasTrinchasWebApp\TintasTrinchasWebApp.csproj", "{3D73B410-2008-4A8E-86C2-F822F1414A34}"
EndProject
Global
	GlobalSection(SolutionConfigurationPlatforms) = preSolution
		Debug|Any CPU = Debug|Any CPU
		Release|Any CPU = Release|Any CPU
	EndGlobalSection
	GlobalSection(ProjectConfigurationPlatforms) = postSolution
		{3D73B410-2008-4A8E-86C2-F822F1414A34}.Debug|Any CPU.ActiveCfg = Debug|Any CPU
		{3D73B410-2008-4A8E-86C2-F822F1414A34}.Debug|Any CPU.Build.0 = Debug|Any CPU
		{3D73B410-2008-4A8E-86C2-F822F1414A34}.Release|Any CPU.ActiveCfg = Release|Any CPU
		{3D73B410-2008-4A8E-86C2-F822F1414A34}.Release|Any CPU.Build.0 = Release|Any CPU
	EndGlobalSection
	GlobalSection(SolutionProperties) = preSolution
		HideSolutionNode = FALSE
	EndGlobalSection
	GlobalSection(ExtensibilityGlobals) = postSolution
		SolutionGuid = {8BD8B6FD-687A-47AA-8791-37D1C6430E41}
	EndGlobalSection
EndGlobal
